
Microsoft Visual Studio Solution File, Format Version 12.00
# Visual Studio Version 17
VisualStudioVersion = 17.4.33213.308
MinimumVisualStudioVersion = 10.0.40219.1
Project("{2150E333-8FDC-42A3-9474-1A3956D46DE8}") = "Solution Items", "Solution Items", "{537BF990-62E6-45D5-907C-5C463321748E}"
	ProjectSection(SolutionItems) = preProject
		src\docker-compose.override.yml = src\docker-compose.override.yml
		src\docker-compose.yml = src\docker-compose.yml
		global.json = global.json
		README.md = README.md
	EndProjectSection
EndProject
Project("{2150E333-8FDC-42A3-9474-1A3956D46DE8}") = "src", "src", "{B86E6DD2-84DB-4090-9EC9-A603A42A6CF4}"
	ProjectSection(SolutionItems) = preProject
		.gitignore = .gitignore
	EndProjectSection
EndProject
Project("{2150E333-8FDC-42A3-9474-1A3956D46DE8}") = "tests", "tests", "{818905EE-D88F-4ED0-AB17-F16B5449C950}"
EndProject
Project("{2150E333-8FDC-42A3-9474-1A3956D46DE8}") = "ApiGateways", "ApiGateways", "{B26C518D-8173-44EF-99E2-7706A644845B}"
EndProject
Project("{2150E333-8FDC-42A3-9474-1A3956D46DE8}") = "BuildingBlocks", "BuildingBlocks", "{00C15C18-F584-4CAC-89F5-03319276EB1E}"
EndProject
Project("{2150E333-8FDC-42A3-9474-1A3956D46DE8}") = "Services", "Services", "{761702D1-622D-4223-85B4-97B924AB2E07}"
EndProject
Project("{9A19103F-16F7-4668-BE54-9A1E7A4F7556}") = "Common.Logging", "src\BuildingBlocks\Common.Logging\Common.Logging.csproj", "{E9291956-1E5E-4A54-897E-56F059E632B3}"
EndProject
Project("{9A19103F-16F7-4668-BE54-9A1E7A4F7556}") = "EventBus.Messages", "src\BuildingBlocks\EventBus.Messages\EventBus.Messages.csproj", "{EB7C2282-AC98-45BB-B9AF-82B7DA5E85B5}"
EndProject
Project("{2150E333-8FDC-42A3-9474-1A3956D46DE8}") = "Product", "Product", "{7015AB02-FF8D-4865-A1AC-0D3E78723C7B}"
EndProject
Project("{2150E333-8FDC-42A3-9474-1A3956D46DE8}") = "Customer", "Customer", "{F2AE9C60-0F0C-489F-BF87-2B99706802CB}"
EndProject
Project("{2150E333-8FDC-42A3-9474-1A3956D46DE8}") = "Basket", "Basket", "{C9300CF8-F211-4359-9FD7-93F1585FB7D3}"
EndProject
Project("{2150E333-8FDC-42A3-9474-1A3956D46DE8}") = "Inventory", "Inventory", "{66720676-2229-4945-9926-C2A4F2B085BF}"
EndProject
Project("{2150E333-8FDC-42A3-9474-1A3956D46DE8}") = "Scheduled.Job", "Scheduled.Job", "{06B63DA8-94DF-4589-8606-F435FEBBAD69}"
EndProject
Project("{2150E333-8FDC-42A3-9474-1A3956D46DE8}") = "Ordering", "Ordering", "{C2BFADC6-03A6-4330-851D-D19778E79FDA}"
EndProject
Project("{2150E333-8FDC-42A3-9474-1A3956D46DE8}") = "WebApps", "WebApps", "{B09B1121-F720-49FD-B707-624442BA0DD9}"
EndProject
Project("{9A19103F-16F7-4668-BE54-9A1E7A4F7556}") = "WebHealthStatus", "src\WebApps\WebHealthStatus\WebHealthStatus.csproj", "{771166AB-2C32-40F8-8704-05386B2AF977}"
EndProject
Project("{9A19103F-16F7-4668-BE54-9A1E7A4F7556}") = "Basket.API", "src\Services\Basket.API\Basket.API.csproj", "{0BB4FF36-F45A-44DD-A4DD-78336164E50D}"
EndProject
Project("{9A19103F-16F7-4668-BE54-9A1E7A4F7556}") = "Customer.API", "src\Services\Customer.API\Customer.API.csproj", "{96DDD89F-BA72-4B7F-994D-FD33E70E76F5}"
EndProject
Project("{9A19103F-16F7-4668-BE54-9A1E7A4F7556}") = "Inventory.Product.API", "src\Services\Inventory.Product.API\Inventory.Product.API.csproj", "{83288674-1609-4D80-868A-E7C2C513DDAE}"
EndProject
Project("{9A19103F-16F7-4668-BE54-9A1E7A4F7556}") = "Product.API", "src\Services\Product.API\Product.API.csproj", "{6BDAC9A4-CE96-4903-B2B7-6F35AE3C8D92}"
EndProject
Project("{9A19103F-16F7-4668-BE54-9A1E7A4F7556}") = "Hangfire.API", "src\Services\Hangfire.API\Hangfire.API.csproj", "{03B8BCE4-EB15-44BD-A4F2-8D2A6F977909}"
EndProject
Project("{9A19103F-16F7-4668-BE54-9A1E7A4F7556}") = "Contracts", "src\BuildingBlocks\Contracts\Contracts.csproj", "{8BE21F40-AB09-4B7D-A2FF-6EE59B7E39E8}"
EndProject
Project("{9A19103F-16F7-4668-BE54-9A1E7A4F7556}") = "Infrastructure", "src\BuildingBlocks\Infrastructure\Infrastructure.csproj", "{23F5DB85-7EDD-46B9-ACCB-F67C8680CCD6}"
EndProject
Project("{9A19103F-16F7-4668-BE54-9A1E7A4F7556}") = "Shared", "src\BuildingBlocks\Shared\Shared.csproj", "{26A436D9-55AA-40E6-8C67-4711DA8E2369}"
EndProject
Project("{9A19103F-16F7-4668-BE54-9A1E7A4F7556}") = "OcelotApiGw", "src\ApiGateways\OcelotApiGw\OcelotApiGw.csproj", "{62266739-71A2-4650-8C33-45E41BEB5FCE}"
EndProject
Project("{2150E333-8FDC-42A3-9474-1A3956D46DE8}") = "Ordering.API", "Ordering.API", "{6E3DFDA2-1FC3-45AF-81DB-0BDA6E01D460}"
EndProject
Project("{9A19103F-16F7-4668-BE54-9A1E7A4F7556}") = "Ordering.API", "src\Services\Ordering.API\Ordering.API.csproj", "{2E89CC98-6C1F-444A-9504-CDA365DFF4F0}"
EndProject
Global
	GlobalSection(SolutionConfigurationPlatforms) = preSolution
		Debug|Any CPU = Debug|Any CPU
		Release|Any CPU = Release|Any CPU
	EndGlobalSection
	GlobalSection(ProjectConfigurationPlatforms) = postSolution
		{E9291956-1E5E-4A54-897E-56F059E632B3}.Debug|Any CPU.ActiveCfg = Debug|Any CPU
		{E9291956-1E5E-4A54-897E-56F059E632B3}.Debug|Any CPU.Build.0 = Debug|Any CPU
		{E9291956-1E5E-4A54-897E-56F059E632B3}.Release|Any CPU.ActiveCfg = Release|Any CPU
		{E9291956-1E5E-4A54-897E-56F059E632B3}.Release|Any CPU.Build.0 = Release|Any CPU
		{EB7C2282-AC98-45BB-B9AF-82B7DA5E85B5}.Debug|Any CPU.ActiveCfg = Debug|Any CPU
		{EB7C2282-AC98-45BB-B9AF-82B7DA5E85B5}.Debug|Any CPU.Build.0 = Debug|Any CPU
		{EB7C2282-AC98-45BB-B9AF-82B7DA5E85B5}.Release|Any CPU.ActiveCfg = Release|Any CPU
		{EB7C2282-AC98-45BB-B9AF-82B7DA5E85B5}.Release|Any CPU.Build.0 = Release|Any CPU
		{771166AB-2C32-40F8-8704-05386B2AF977}.Debug|Any CPU.ActiveCfg = Debug|Any CPU
		{771166AB-2C32-40F8-8704-05386B2AF977}.Debug|Any CPU.Build.0 = Debug|Any CPU
		{771166AB-2C32-40F8-8704-05386B2AF977}.Release|Any CPU.ActiveCfg = Release|Any CPU
		{771166AB-2C32-40F8-8704-05386B2AF977}.Release|Any CPU.Build.0 = Release|Any CPU
		{0BB4FF36-F45A-44DD-A4DD-78336164E50D}.Debug|Any CPU.ActiveCfg = Debug|Any CPU
		{0BB4FF36-F45A-44DD-A4DD-78336164E50D}.Debug|Any CPU.Build.0 = Debug|Any CPU
		{0BB4FF36-F45A-44DD-A4DD-78336164E50D}.Release|Any CPU.ActiveCfg = Release|Any CPU
		{0BB4FF36-F45A-44DD-A4DD-78336164E50D}.Release|Any CPU.Build.0 = Release|Any CPU
		{96DDD89F-BA72-4B7F-994D-FD33E70E76F5}.Debug|Any CPU.ActiveCfg = Debug|Any CPU
		{96DDD89F-BA72-4B7F-994D-FD33E70E76F5}.Debug|Any CPU.Build.0 = Debug|Any CPU
		{96DDD89F-BA72-4B7F-994D-FD33E70E76F5}.Release|Any CPU.ActiveCfg = Release|Any CPU
		{96DDD89F-BA72-4B7F-994D-FD33E70E76F5}.Release|Any CPU.Build.0 = Release|Any CPU
		{83288674-1609-4D80-868A-E7C2C513DDAE}.Debug|Any CPU.ActiveCfg = Debug|Any CPU
		{83288674-1609-4D80-868A-E7C2C513DDAE}.Debug|Any CPU.Build.0 = Debug|Any CPU
		{83288674-1609-4D80-868A-E7C2C513DDAE}.Release|Any CPU.ActiveCfg = Release|Any CPU
		{83288674-1609-4D80-868A-E7C2C513DDAE}.Release|Any CPU.Build.0 = Release|Any CPU
		{6BDAC9A4-CE96-4903-B2B7-6F35AE3C8D92}.Debug|Any CPU.ActiveCfg = Debug|Any CPU
		{6BDAC9A4-CE96-4903-B2B7-6F35AE3C8D92}.Debug|Any CPU.Build.0 = Debug|Any CPU
		{6BDAC9A4-CE96-4903-B2B7-6F35AE3C8D92}.Release|Any CPU.ActiveCfg = Release|Any CPU
		{6BDAC9A4-CE96-4903-B2B7-6F35AE3C8D92}.Release|Any CPU.Build.0 = Release|Any CPU
		{03B8BCE4-EB15-44BD-A4F2-8D2A6F977909}.Debug|Any CPU.ActiveCfg = Debug|Any CPU
		{03B8BCE4-EB15-44BD-A4F2-8D2A6F977909}.Debug|Any CPU.Build.0 = Debug|Any CPU
		{03B8BCE4-EB15-44BD-A4F2-8D2A6F977909}.Release|Any CPU.ActiveCfg = Release|Any CPU
		{03B8BCE4-EB15-44BD-A4F2-8D2A6F977909}.Release|Any CPU.Build.0 = Release|Any CPU
		{8BE21F40-AB09-4B7D-A2FF-6EE59B7E39E8}.Debug|Any CPU.ActiveCfg = Debug|Any CPU
		{8BE21F40-AB09-4B7D-A2FF-6EE59B7E39E8}.Debug|Any CPU.Build.0 = Debug|Any CPU
		{8BE21F40-AB09-4B7D-A2FF-6EE59B7E39E8}.Release|Any CPU.ActiveCfg = Release|Any CPU
		{8BE21F40-AB09-4B7D-A2FF-6EE59B7E39E8}.Release|Any CPU.Build.0 = Release|Any CPU
		{23F5DB85-7EDD-46B9-ACCB-F67C8680CCD6}.Debug|Any CPU.ActiveCfg = Debug|Any CPU
		{23F5DB85-7EDD-46B9-ACCB-F67C8680CCD6}.Debug|Any CPU.Build.0 = Debug|Any CPU
		{23F5DB85-7EDD-46B9-ACCB-F67C8680CCD6}.Release|Any CPU.ActiveCfg = Release|Any CPU
		{23F5DB85-7EDD-46B9-ACCB-F67C8680CCD6}.Release|Any CPU.Build.0 = Release|Any CPU
		{26A436D9-55AA-40E6-8C67-4711DA8E2369}.Debug|Any CPU.ActiveCfg = Debug|Any CPU
		{26A436D9-55AA-40E6-8C67-4711DA8E2369}.Debug|Any CPU.Build.0 = Debug|Any CPU
		{26A436D9-55AA-40E6-8C67-4711DA8E2369}.Release|Any CPU.ActiveCfg = Release|Any CPU
		{26A436D9-55AA-40E6-8C67-4711DA8E2369}.Release|Any CPU.Build.0 = Release|Any CPU
		{62266739-71A2-4650-8C33-45E41BEB5FCE}.Debug|Any CPU.ActiveCfg = Debug|Any CPU
		{62266739-71A2-4650-8C33-45E41BEB5FCE}.Debug|Any CPU.Build.0 = Debug|Any CPU
		{62266739-71A2-4650-8C33-45E41BEB5FCE}.Release|Any CPU.ActiveCfg = Release|Any CPU
		{62266739-71A2-4650-8C33-45E41BEB5FCE}.Release|Any CPU.Build.0 = Release|Any CPU
		{2E89CC98-6C1F-444A-9504-CDA365DFF4F0}.Debug|Any CPU.ActiveCfg = Debug|Any CPU
		{2E89CC98-6C1F-444A-9504-CDA365DFF4F0}.Debug|Any CPU.Build.0 = Debug|Any CPU
		{2E89CC98-6C1F-444A-9504-CDA365DFF4F0}.Release|Any CPU.ActiveCfg = Release|Any CPU
		{2E89CC98-6C1F-444A-9504-CDA365DFF4F0}.Release|Any CPU.Build.0 = Release|Any CPU
	EndGlobalSection
	GlobalSection(SolutionProperties) = preSolution
		HideSolutionNode = FALSE
	EndGlobalSection
	GlobalSection(NestedProjects) = preSolution
		{B26C518D-8173-44EF-99E2-7706A644845B} = {B86E6DD2-84DB-4090-9EC9-A603A42A6CF4}
		{00C15C18-F584-4CAC-89F5-03319276EB1E} = {B86E6DD2-84DB-4090-9EC9-A603A42A6CF4}
		{761702D1-622D-4223-85B4-97B924AB2E07} = {B86E6DD2-84DB-4090-9EC9-A603A42A6CF4}
		{E9291956-1E5E-4A54-897E-56F059E632B3} = {00C15C18-F584-4CAC-89F5-03319276EB1E}
		{EB7C2282-AC98-45BB-B9AF-82B7DA5E85B5} = {00C15C18-F584-4CAC-89F5-03319276EB1E}
		{7015AB02-FF8D-4865-A1AC-0D3E78723C7B} = {761702D1-622D-4223-85B4-97B924AB2E07}
		{F2AE9C60-0F0C-489F-BF87-2B99706802CB} = {761702D1-622D-4223-85B4-97B924AB2E07}
		{C9300CF8-F211-4359-9FD7-93F1585FB7D3} = {761702D1-622D-4223-85B4-97B924AB2E07}
		{66720676-2229-4945-9926-C2A4F2B085BF} = {761702D1-622D-4223-85B4-97B924AB2E07}
		{06B63DA8-94DF-4589-8606-F435FEBBAD69} = {761702D1-622D-4223-85B4-97B924AB2E07}
		{C2BFADC6-03A6-4330-851D-D19778E79FDA} = {761702D1-622D-4223-85B4-97B924AB2E07}
		{B09B1121-F720-49FD-B707-624442BA0DD9} = {B86E6DD2-84DB-4090-9EC9-A603A42A6CF4}
		{771166AB-2C32-40F8-8704-05386B2AF977} = {B09B1121-F720-49FD-B707-624442BA0DD9}
		{0BB4FF36-F45A-44DD-A4DD-78336164E50D} = {C9300CF8-F211-4359-9FD7-93F1585FB7D3}
		{96DDD89F-BA72-4B7F-994D-FD33E70E76F5} = {F2AE9C60-0F0C-489F-BF87-2B99706802CB}
		{83288674-1609-4D80-868A-E7C2C513DDAE} = {66720676-2229-4945-9926-C2A4F2B085BF}
		{6BDAC9A4-CE96-4903-B2B7-6F35AE3C8D92} = {7015AB02-FF8D-4865-A1AC-0D3E78723C7B}
		{03B8BCE4-EB15-44BD-A4F2-8D2A6F977909} = {06B63DA8-94DF-4589-8606-F435FEBBAD69}
		{8BE21F40-AB09-4B7D-A2FF-6EE59B7E39E8} = {00C15C18-F584-4CAC-89F5-03319276EB1E}
		{23F5DB85-7EDD-46B9-ACCB-F67C8680CCD6} = {00C15C18-F584-4CAC-89F5-03319276EB1E}
		{26A436D9-55AA-40E6-8C67-4711DA8E2369} = {00C15C18-F584-4CAC-89F5-03319276EB1E}
		{62266739-71A2-4650-8C33-45E41BEB5FCE} = {B26C518D-8173-44EF-99E2-7706A644845B}
		{6E3DFDA2-1FC3-45AF-81DB-0BDA6E01D460} = {C2BFADC6-03A6-4330-851D-D19778E79FDA}
		{2E89CC98-6C1F-444A-9504-CDA365DFF4F0} = {6E3DFDA2-1FC3-45AF-81DB-0BDA6E01D460}
	EndGlobalSection
	GlobalSection(ExtensibilityGlobals) = postSolution
		SolutionGuid = {FA898479-2C86-4E2A-9199-2B6BC46FCB94}
	EndGlobalSection
EndGlobal
